// !$*UTF8*$!
{
	archiveVersion = 1;
	classes = {
	};
	objectVersion = 46;
	objects = {

/* Begin PBXAggregateTarget section */
		5154105816D72E7B007600A9 /* AsyncTestKitDocumentation */ = {
			isa = PBXAggregateTarget;
			buildConfigurationList = 5154105916D72E7C007600A9 /* Build configuration list for PBXAggregateTarget "AsyncTestKitDocumentation" */;
			buildPhases = (
				5154105C16D72E87007600A9 /* ShellScript */,
			);
			dependencies = (
			);
			name = AsyncTestKitDocumentation;
			productName = dqsdqs;
		};
/* End PBXAggregateTarget section */

/* Begin PBXBuildFile section */
		5154103116D72A47007600A9 /* SenTestingKit.framework in Frameworks */ = {isa = PBXBuildFile; fileRef = 5154103016D72A47007600A9 /* SenTestingKit.framework */; };
		5154103216D72A47007600A9 /* UIKit.framework in Frameworks */ = {isa = PBXBuildFile; fileRef = 5154100916D72A47007600A9 /* UIKit.framework */; };
		5154103316D72A47007600A9 /* Foundation.framework in Frameworks */ = {isa = PBXBuildFile; fileRef = 5154100B16D72A47007600A9 /* Foundation.framework */; };
		5154103B16D72A47007600A9 /* InfoPlist.strings in Resources */ = {isa = PBXBuildFile; fileRef = 5154103916D72A47007600A9 /* InfoPlist.strings */; };
		5154104A16D72AE9007600A9 /* ACAsyncTestCase.m in Sources */ = {isa = PBXBuildFile; fileRef = 5154104916D72AE9007600A9 /* ACAsyncTestCase.m */; };
		5154104D16D72C4D007600A9 /* ACAsyncTestCaseTests.m in Sources */ = {isa = PBXBuildFile; fileRef = 5154104C16D72C4D007600A9 /* ACAsyncTestCaseTests.m */; };
/* End PBXBuildFile section */

/* Begin PBXFileReference section */
		5154100916D72A47007600A9 /* UIKit.framework */ = {isa = PBXFileReference; lastKnownFileType = wrapper.framework; name = UIKit.framework; path = System/Library/Frameworks/UIKit.framework; sourceTree = SDKROOT; };
		5154100B16D72A47007600A9 /* Foundation.framework */ = {isa = PBXFileReference; lastKnownFileType = wrapper.framework; name = Foundation.framework; path = System/Library/Frameworks/Foundation.framework; sourceTree = SDKROOT; };
		5154100D16D72A47007600A9 /* CoreGraphics.framework */ = {isa = PBXFileReference; lastKnownFileType = wrapper.framework; name = CoreGraphics.framework; path = System/Library/Frameworks/CoreGraphics.framework; sourceTree = SDKROOT; };
		5154102F16D72A47007600A9 /* AsyncTestKitTests.octest */ = {isa = PBXFileReference; explicitFileType = wrapper.cfbundle; includeInIndex = 0; path = AsyncTestKitTests.octest; sourceTree = BUILT_PRODUCTS_DIR; };
		5154103016D72A47007600A9 /* SenTestingKit.framework */ = {isa = PBXFileReference; lastKnownFileType = wrapper.framework; name = SenTestingKit.framework; path = Library/Frameworks/SenTestingKit.framework; sourceTree = DEVELOPER_DIR; };
		5154103816D72A47007600A9 /* AsyncTestKitTests-Info.plist */ = {isa = PBXFileReference; lastKnownFileType = text.plist.xml; path = "AsyncTestKitTests-Info.plist"; sourceTree = "<group>"; };
		5154103A16D72A47007600A9 /* en */ = {isa = PBXFileReference; lastKnownFileType = text.plist.strings; name = en; path = en.lproj/InfoPlist.strings; sourceTree = "<group>"; };
		5154104716D72A6A007600A9 /* AsyncTestKitTests-Prefix.pch */ = {isa = PBXFileReference; fileEncoding = 4; lastKnownFileType = sourcecode.c.h; path = "AsyncTestKitTests-Prefix.pch"; sourceTree = "<group>"; };
		5154104816D72AE9007600A9 /* ACAsyncTestCase.h */ = {isa = PBXFileReference; fileEncoding = 4; lastKnownFileType = sourcecode.c.h; path = ACAsyncTestCase.h; sourceTree = "<group>"; };
		5154104916D72AE9007600A9 /* ACAsyncTestCase.m */ = {isa = PBXFileReference; fileEncoding = 4; lastKnownFileType = sourcecode.c.objc; path = ACAsyncTestCase.m; sourceTree = "<group>"; };
		5154104B16D72C4D007600A9 /* ACAsyncTestCaseTests.h */ = {isa = PBXFileReference; fileEncoding = 4; lastKnownFileType = sourcecode.c.h; path = ACAsyncTestCaseTests.h; sourceTree = "<group>"; };
		5154104C16D72C4D007600A9 /* ACAsyncTestCaseTests.m */ = {isa = PBXFileReference; fileEncoding = 4; lastKnownFileType = sourcecode.c.objc; path = ACAsyncTestCaseTests.m; sourceTree = "<group>"; };
		5154104F16D72D63007600A9 /* README.md */ = {isa = PBXFileReference; lastKnownFileType = text; path = README.md; sourceTree = "<group>"; };
/* End PBXFileReference section */

/* Begin PBXFrameworksBuildPhase section */
		5154102B16D72A47007600A9 /* Frameworks */ = {
			isa = PBXFrameworksBuildPhase;
			buildActionMask = 2147483647;
			files = (
				5154103116D72A47007600A9 /* SenTestingKit.framework in Frameworks */,
				5154103216D72A47007600A9 /* UIKit.framework in Frameworks */,
				5154103316D72A47007600A9 /* Foundation.framework in Frameworks */,
			);
			runOnlyForDeploymentPostprocessing = 0;
		};
/* End PBXFrameworksBuildPhase section */

/* Begin PBXGroup section */
		51540FFD16D72A47007600A9 = {
			isa = PBXGroup;
			children = (
				5154104F16D72D63007600A9 /* README.md */,
				5154100F16D72A47007600A9 /* AsyncTestKit */,
				5154103616D72A47007600A9 /* AsyncTestKitTests */,
				5154100816D72A47007600A9 /* Frameworks */,
				5154100716D72A47007600A9 /* Products */,
			);
			sourceTree = "<group>";
		};
		5154100716D72A47007600A9 /* Products */ = {
			isa = PBXGroup;
			children = (
				5154102F16D72A47007600A9 /* AsyncTestKitTests.octest */,
			);
			name = Products;
			sourceTree = "<group>";
		};
		5154100816D72A47007600A9 /* Frameworks */ = {
			isa = PBXGroup;
			children = (
				5154100916D72A47007600A9 /* UIKit.framework */,
				5154100B16D72A47007600A9 /* Foundation.framework */,
				5154100D16D72A47007600A9 /* CoreGraphics.framework */,
				5154103016D72A47007600A9 /* SenTestingKit.framework */,
			);
			name = Frameworks;
			sourceTree = "<group>";
		};
		5154100F16D72A47007600A9 /* AsyncTestKit */ = {
			isa = PBXGroup;
			children = (
				5154104816D72AE9007600A9 /* ACAsyncTestCase.h */,
				5154104916D72AE9007600A9 /* ACAsyncTestCase.m */,
			);
			path = AsyncTestKit;
			sourceTree = "<group>";
		};
		5154103616D72A47007600A9 /* AsyncTestKitTests */ = {
			isa = PBXGroup;
			children = (
				5154104B16D72C4D007600A9 /* ACAsyncTestCaseTests.h */,
				5154104C16D72C4D007600A9 /* ACAsyncTestCaseTests.m */,
				5154103716D72A47007600A9 /* Supporting Files */,
			);
			path = AsyncTestKitTests;
			sourceTree = "<group>";
		};
		5154103716D72A47007600A9 /* Supporting Files */ = {
			isa = PBXGroup;
			children = (
				5154104716D72A6A007600A9 /* AsyncTestKitTests-Prefix.pch */,
				5154103816D72A47007600A9 /* AsyncTestKitTests-Info.plist */,
				5154103916D72A47007600A9 /* InfoPlist.strings */,
			);
			name = "Supporting Files";
			sourceTree = "<group>";
		};
/* End PBXGroup section */

/* Begin PBXNativeTarget section */
		5154102E16D72A47007600A9 /* AsyncTestKitTests */ = {
			isa = PBXNativeTarget;
			buildConfigurationList = 5154104416D72A47007600A9 /* Build configuration list for PBXNativeTarget "AsyncTestKitTests" */;
			buildPhases = (
				5154102A16D72A47007600A9 /* Sources */,
				5154102B16D72A47007600A9 /* Frameworks */,
				5154102C16D72A47007600A9 /* Resources */,
				5154102D16D72A47007600A9 /* ShellScript */,
			);
			buildRules = (
			);
			dependencies = (
			);
			name = AsyncTestKitTests;
			productName = AsyncTestKitTests;
			productReference = 5154102F16D72A47007600A9 /* AsyncTestKitTests.octest */;
			productType = "com.apple.product-type.bundle";
		};
/* End PBXNativeTarget section */

/* Begin PBXProject section */
		51540FFE16D72A47007600A9 /* Project object */ = {
			isa = PBXProject;
			attributes = {
				CLASSPREFIX = AC;
				LastUpgradeCheck = 0460;
				ORGANIZATIONNAME = acoomans;
			};
			buildConfigurationList = 5154100116D72A47007600A9 /* Build configuration list for PBXProject "AsyncTestKit" */;
			compatibilityVersion = "Xcode 3.2";
			developmentRegion = English;
			hasScannedForEncodings = 0;
			knownRegions = (
				en,
			);
			mainGroup = 51540FFD16D72A47007600A9;
			productRefGroup = 5154100716D72A47007600A9 /* Products */;
			projectDirPath = "";
			projectRoot = "";
			targets = (
				5154102E16D72A47007600A9 /* AsyncTestKitTests */,
				5154105816D72E7B007600A9 /* AsyncTestKitDocumentation */,
			);
		};
/* End PBXProject section */

/* Begin PBXResourcesBuildPhase section */
		5154102C16D72A47007600A9 /* Resources */ = {
			isa = PBXResourcesBuildPhase;
			buildActionMask = 2147483647;
			files = (
				5154103B16D72A47007600A9 /* InfoPlist.strings in Resources */,
			);
			runOnlyForDeploymentPostprocessing = 0;
		};
/* End PBXResourcesBuildPhase section */

/* Begin PBXShellScriptBuildPhase section */
		5154102D16D72A47007600A9 /* ShellScript */ = {
			isa = PBXShellScriptBuildPhase;
			buildActionMask = 2147483647;
			files = (
			);
			inputPaths = (
			);
			outputPaths = (
			);
			runOnlyForDeploymentPostprocessing = 0;
			shellPath = /bin/sh;
			shellScript = "# Run the unit tests in this test bundle.\n\"${SYSTEM_DEVELOPER_DIR}/Tools/RunUnitTests\"\n";
		};
		5154105C16D72E87007600A9 /* ShellScript */ = {
			isa = PBXShellScriptBuildPhase;
			buildActionMask = 2147483647;
			files = (
			);
			inputPaths = (
			);
			outputPaths = (
			);
			runOnlyForDeploymentPostprocessing = 0;
			shellPath = /bin/sh;
			shellScript = "/usr/local/bin/appledoc \\\n--project-name \"AsyncTestKit\" \\\n--project-company \"acoomans\" \\\n--company-id \"com.acoomans\" \\\n--output build \\\n--create-docset \\\n--install-docset \\\n--create-html \\\n--exit-threshold 2 \\\n--no-repeat-first-par \\\nAsyncTestKit";
		};
/* End PBXShellScriptBuildPhase section */

/* Begin PBXSourcesBuildPhase section */
		5154102A16D72A47007600A9 /* Sources */ = {
			isa = PBXSourcesBuildPhase;
			buildActionMask = 2147483647;
			files = (
				5154104A16D72AE9007600A9 /* ACAsyncTestCase.m in Sources */,
				5154104D16D72C4D007600A9 /* ACAsyncTestCaseTests.m in Sources */,
			);
			runOnlyForDeploymentPostprocessing = 0;
		};
/* End PBXSourcesBuildPhase section */

/* Begin PBXVariantGroup section */
		5154103916D72A47007600A9 /* InfoPlist.strings */ = {
			isa = PBXVariantGroup;
			children = (
				5154103A16D72A47007600A9 /* en */,
			);
			name = InfoPlist.strings;
			sourceTree = "<group>";
		};
/* End PBXVariantGroup section */

/* Begin XCBuildConfiguration section */
		5154103F16D72A47007600A9 /* Debug */ = {
			isa = XCBuildConfiguration;
			buildSettings = {
				ALWAYS_SEARCH_USER_PATHS = NO;
				CLANG_CXX_LANGUAGE_STANDARD = "gnu++0x";
				CLANG_CXX_LIBRARY = "libc++";
				CLANG_ENABLE_OBJC_ARC = YES;
				CLANG_WARN_CONSTANT_CONVERSION = YES;
				CLANG_WARN_EMPTY_BODY = YES;
				CLANG_WARN_ENUM_CONVERSION = YES;
				CLANG_WARN_INT_CONVERSION = YES;
				CLANG_WARN__DUPLICATE_METHOD_MATCH = YES;
				"CODE_SIGN_IDENTITY[sdk=iphoneos*]" = "iPhone Developer";
				COPY_PHASE_STRIP = NO;
				GCC_C_LANGUAGE_STANDARD = gnu99;
				GCC_DYNAMIC_NO_PIC = NO;
				GCC_OPTIMIZATION_LEVEL = 0;
				GCC_PREPROCESSOR_DEFINITIONS = (
					"DEBUG=1",
					"$(inherited)",
				);
				GCC_SYMBOLS_PRIVATE_EXTERN = NO;
				GCC_WARN_ABOUT_RETURN_TYPE = YES;
				GCC_WARN_UNINITIALIZED_AUTOS = YES;
				GCC_WARN_UNUSED_VARIABLE = YES;
				IPHONEOS_DEPLOYMENT_TARGET = 6.1;
				ONLY_ACTIVE_ARCH = YES;
				SDKROOT = iphoneos;
				TARGETED_DEVICE_FAMILY = "1,2";
			};
			name = Debug;
		};
		5154104016D72A47007600A9 /* Release */ = {
			isa = XCBuildConfiguration;
			buildSettings = {
				ALWAYS_SEARCH_USER_PATHS = NO;
				CLANG_CXX_LANGUAGE_STANDARD = "gnu++0x";
				CLANG_CXX_LIBRARY = "libc++";
				CLANG_ENABLE_OBJC_ARC = YES;
				CLANG_WARN_CONSTANT_CONVERSION = YES;
				CLANG_WARN_EMPTY_BODY = YES;
				CLANG_WARN_ENUM_CONVERSION = YES;
				CLANG_WARN_INT_CONVERSION = YES;
				CLANG_WARN__DUPLICATE_METHOD_MATCH = YES;
				"CODE_SIGN_IDENTITY[sdk=iphoneos*]" = "iPhone Developer";
				COPY_PHASE_STRIP = YES;
				GCC_C_LANGUAGE_STANDARD = gnu99;
				GCC_WARN_ABOUT_RETURN_TYPE = YES;
				GCC_WARN_UNINITIALIZED_AUTOS = YES;
				GCC_WARN_UNUSED_VARIABLE = YES;
				IPHONEOS_DEPLOYMENT_TARGET = 6.1;
				OTHER_CFLAGS = "-DNS_BLOCK_ASSERTIONS=1";
				SDKROOT = iphoneos;
				TARGETED_DEVICE_FAMILY = "1,2";
				VALIDATE_PRODUCT = YES;
			};
			name = Release;
		};
		5154104516D72A47007600A9 /* Debug */ = {
			isa = XCBuildConfiguration;
			buildSettings = {
				FRAMEWORK_SEARCH_PATHS = (
					"\"$(SDKROOT)/Developer/Library/Frameworks\"",
					"\"$(DEVELOPER_LIBRARY_DIR)/Frameworks\"",
				);
				GCC_PRECOMPILE_PREFIX_HEADER = YES;
				GCC_PREFIX_HEADER = "AsyncTestKitTests/AsyncTestKitTests-Prefix.pch";
				INFOPLIST_FILE = "AsyncTestKitTests/AsyncTestKitTests-Info.plist";
				PRODUCT_NAME = "$(TARGET_NAME)";
				TEST_HOST = "$(BUNDLE_LOADER)";
				WRAPPER_EXTENSION = octest;
			};
			name = Debug;
		};
		5154104616D72A47007600A9 /* Release */ = {
			isa = XCBuildConfiguration;
			buildSettings = {
				FRAMEWORK_SEARCH_PATHS = (
					"\"$(SDKROOT)/Developer/Library/Frameworks\"",
					"\"$(DEVELOPER_LIBRARY_DIR)/Frameworks\"",
				);
				GCC_PRECOMPILE_PREFIX_HEADER = YES;
				GCC_PREFIX_HEADER = "AsyncTestKitTests/AsyncTestKitTests-Prefix.pch";
				INFOPLIST_FILE = "AsyncTestKitTests/AsyncTestKitTests-Info.plist";
				PRODUCT_NAME = "$(TARGET_NAME)";
				TEST_HOST = "$(BUNDLE_LOADER)";
				WRAPPER_EXTENSION = octest;
			};
			name = Release;
		};
		5154105A16D72E7C007600A9 /* Debug */ = {
			isa = XCBuildConfiguration;
			buildSettings = {
				PRODUCT_NAME = "$(TARGET_NAME)";
			};
			name = Debug;
		};
		5154105B16D72E7C007600A9 /* Release */ = {
			isa = XCBuildConfiguration;
			buildSettings = {
				PRODUCT_NAME = "$(TARGET_NAME)";
			};
			name = Release;
		};
/* End XCBuildConfiguration section */

/* Begin XCConfigurationList section */
		5154100116D72A47007600A9 /* Build configuration list for PBXProject "AsyncTestKit" */ = {
			isa = XCConfigurationList;
			buildConfigurations = (
				5154103F16D72A47007600A9 /* Debug */,
				5154104016D72A47007600A9 /* Release */,
			);
			defaultConfigurationIsVisible = 0;
			defaultConfigurationName = Release;
		};
		5154104416D72A47007600A9 /* Build configuration list for PBXNativeTarget "AsyncTestKitTests" */ = {
			isa = XCConfigurationList;
			buildConfigurations = (
				5154104516D72A47007600A9 /* Debug */,
				5154104616D72A47007600A9 /* Release */,
			);
			defaultConfigurationIsVisible = 0;
			defaultConfigurationName = Release;
		};
		5154105916D72E7C007600A9 /* Build configuration list for PBXAggregateTarget "AsyncTestKitDocumentation" */ = {
			isa = XCConfigurationList;
			buildConfigurations = (
				5154105A16D72E7C007600A9 /* Debug */,
				5154105B16D72E7C007600A9 /* Release */,
			);
			defaultConfigurationIsVisible = 0;
		};
/* End XCConfigurationList section */
	};
	rootObject = 51540FFE16D72A47007600A9 /* Project object */;
}
